// !$*UTF8*$!
{
	archiveVersion = 1;
	classes = {
	};
	objectVersion = 70;
	objects = {

/* Begin PBXContainerItemProxy section */
		EA11EA11EA11EA11EA11EA11 /* PBXContainerItemProxy */ = {
			isa = PBXContainerItemProxy;
			containerPortal = AB01AB01AB01AB01AB01AB01 /* Project object */;
			proxyType = 1;
			remoteGlobalIDString = AB02AB02AB02AB02AB02AB02;
			remoteInfo = CourtsideHoopStats;
		};
		FA11FA11FA11FA11FA11FA11 /* PBXContainerItemProxy */ = {
			isa = PBXContainerItemProxy;
			containerPortal = AB01AB01AB01AB01AB01AB01 /* Project object */;
			proxyType = 1;
			remoteGlobalIDString = AB02AB02AB02AB02AB02AB02;
			remoteInfo = CourtsideHoopStats;
		};
/* End PBXContainerItemProxy section */

/* Begin PBXFileReference section */
		AB03AB03AB03AB03AB03AB03 /* CourtsideHoopStats.app */ = {isa = PBXFileReference; explicitFileType = wrapper.application; includeInIndex = 0; path = CourtsideHoopStats.app; sourceTree = BUILT_PRODUCTS_DIR; };
		DC02DC02DC02DC02DC02DC02 /* CLAUDE.md */ = {isa = PBXFileReference; lastKnownFileType = net.daringfireball.markdown; path = CLAUDE.md; sourceTree = "<group>"; };
		DC03DC03DC03DC03DC03DC03 /* README.md */ = {isa = PBXFileReference; lastKnownFileType = net.daringfireball.markdown; path = README.md; sourceTree = "<group>"; };
		EA03EA03EA03EA03EA03EA03 /* CourtsideHoopStatsUITests.xctest */ = {isa = PBXFileReference; explicitFileType = wrapper.cfbundle; includeInIndex = 0; path = CourtsideHoopStatsUITests.xctest; sourceTree = BUILT_PRODUCTS_DIR; };
		FA03FA03FA03FA03FA03FA03 /* CourtsideHoopStatsTests.xctest */ = {isa = PBXFileReference; explicitFileType = wrapper.cfbundle; includeInIndex = 0; path = CourtsideHoopStatsTests.xctest; sourceTree = BUILT_PRODUCTS_DIR; };
/* End PBXFileReference section */

/* Begin PBXFileSystemSynchronizedBuildFileExceptionSet section */
		E9FB6C603023D55800D95922 /* PBXFileSystemSynchronizedBuildFileExceptionSet */ = {
			isa = PBXFileSystemSynchronizedBuildFileExceptionSet;
			membershipExceptions = (
				Info.plist,
			);
			target = AB02AB02AB02AB02AB02AB02 /* CourtsideHoopStats */;
		};
/* End PBXFileSystemSynchronizedBuildFileExceptionSet section */

/* Begin PBXFileSystemSynchronizedRootGroup section */
		AB09AB09AB09AB09AB09AB09 /* CourtsideHoopStats */ = {isa = PBXFileSystemSynchronizedRootGroup; exceptions = (E9FB6C603023D55800D95922 /* PBXFileSystemSynchronizedBuildFileExceptionSet */, ); explicitFileTypes = {}; explicitFolders = (); path = CourtsideHoopStats; sourceTree = "<group>"; };
		DC01DC01DC01DC01DC01DC01 /* docs */ = {isa = PBXFileSystemSynchronizedRootGroup; explicitFileTypes = {}; explicitFolders = (); path = docs; sourceTree = "<group>"; };
		EA09EA09EA09EA09EA09EA09 /* CourtsideHoopStatsUITests */ = {isa = PBXFileSystemSynchronizedRootGroup; explicitFileTypes = {}; explicitFolders = (); path = CourtsideHoopStatsUITests; sourceTree = "<group>"; };
		FA09FA09FA09FA09FA09FA09 /* CourtsideHoopStatsTests */ = {isa = PBXFileSystemSynchronizedRootGroup; explicitFileTypes = {}; explicitFolders = (); path = CourtsideHoopStatsTests; sourceTree = "<group>"; };
/* End PBXFileSystemSynchronizedRootGroup section */

/* Begin PBXFrameworksBuildPhase section */
		AB05AB05AB05AB05AB05AB05 /* Frameworks */ = {
			isa = PBXFrameworksBuildPhase;
			buildActionMask = 2147483647;
			files = (
			);
			runOnlyForDeploymentPostprocessing = 0;
		};
		EA05EA05EA05EA05EA05EA05 /* Frameworks */ = {
			isa = PBXFrameworksBuildPhase;
			buildActionMask = 2147483647;
			files = (
			);
			runOnlyForDeploymentPostprocessing = 0;
		};
		FA05FA05FA05FA05FA05FA05 /* Frameworks */ = {
			isa = PBXFrameworksBuildPhase;
			buildActionMask = 2147483647;
			files = (
			);
			runOnlyForDeploymentPostprocessing = 0;
		};
/* End PBXFrameworksBuildPhase section */

/* Begin PBXGroup section */
		AB07AB07AB07AB07AB07AB07 = {
			isa = PBXGroup;
			children = (
				DC02DC02DC02DC02DC02DC02 /* CLAUDE.md */,
				DC03DC03DC03DC03DC03DC03 /* README.md */,
				DC01DC01DC01DC01DC01DC01 /* docs */,
				AB09AB09AB09AB09AB09AB09 /* CourtsideHoopStats */,
				FA09FA09FA09FA09FA09FA09 /* CourtsideHoopStatsTests */,
				EA09EA09EA09EA09EA09EA09 /* CourtsideHoopStatsUITests */,
				AB08AB08AB08AB08AB08AB08 /* Products */,
			);
			sourceTree = "<group>";
		};
		AB08AB08AB08AB08AB08AB08 /* Products */ = {
			isa = PBXGroup;
			children = (
				AB03AB03AB03AB03AB03AB03 /* CourtsideHoopStats.app */,
				FA03FA03FA03FA03FA03FA03 /* CourtsideHoopStatsTests.xctest */,
				EA03EA03EA03EA03EA03EA03 /* CourtsideHoopStatsUITests.xctest */,
			);
			name = Products;
			sourceTree = "<group>";
		};
/* End PBXGroup section */

/* Begin PBXNativeTarget section */
		AB02AB02AB02AB02AB02AB02 /* CourtsideHoopStats */ = {
			isa = PBXNativeTarget;
			buildConfigurationList = AB0BAB0BAB0BAB0BAB0BAB0B /* Build configuration list for PBXNativeTarget "CourtsideHoopStats" */;
			buildPhases = (
				AB04AB04AB04AB04AB04AB04 /* Sources */,
				AB05AB05AB05AB05AB05AB05 /* Frameworks */,
				AB06AB06AB06AB06AB06AB06 /* Resources */,
			);
			buildRules = (
			);
			dependencies = (
			);
			fileSystemSynchronizedGroups = (
				AB09AB09AB09AB09AB09AB09 /* CourtsideHoopStats */,
			);
			name = CourtsideHoopStats;
			packageProductDependencies = (
			);
			productName = CourtsideHoopStats;
			productReference = AB03AB03AB03AB03AB03AB03 /* CourtsideHoopStats.app */;
			productType = "com.apple.product-type.application";
		};
		EA02EA02EA02EA02EA02EA02 /* CourtsideHoopStatsUITests */ = {
			isa = PBXNativeTarget;
			buildConfigurationList = EA0BEA0BEA0BEA0BEA0BEA0B /* Build configuration list for PBXNativeTarget "CourtsideHoopStatsUITests" */;
			buildPhases = (
				EA04EA04EA04EA04EA04EA04 /* Sources */,
				EA05EA05EA05EA05EA05EA05 /* Frameworks */,
				EA06EA06EA06EA06EA06EA06 /* Resources */,
			);
			buildRules = (
			);
			dependencies = (
				EA10EA10EA10EA10EA10EA10 /* PBXTargetDependency */,
			);
			fileSystemSynchronizedGroups = (
				EA09EA09EA09EA09EA09EA09 /* CourtsideHoopStatsUITests */,
			);
			name = CourtsideHoopStatsUITests;
			packageProductDependencies = (
			);
			productName = CourtsideHoopStatsUITests;
			productReference = EA03EA03EA03EA03EA03EA03 /* CourtsideHoopStatsUITests.xctest */;
			productType = "com.apple.product-type.bundle.ui-testing";
		};
		FA02FA02FA02FA02FA02FA02 /* CourtsideHoopStatsTests */ = {
			isa = PBXNativeTarget;
			buildConfigurationList = FA0BFA0BFA0BFA0BFA0BFA0B /* Build configuration list for PBXNativeTarget "CourtsideHoopStatsTests" */;
			buildPhases = (
				FA04FA04FA04FA04FA04FA04 /* Sources */,
				FA05FA05FA05FA05FA05FA05 /* Frameworks */,
				FA06FA06FA06FA06FA06FA06 /* Resources */,
			);
			buildRules = (
			);
			dependencies = (
				FA10FA10FA10FA10FA10FA10 /* PBXTargetDependency */,
			);
			fileSystemSynchronizedGroups = (
				FA09FA09FA09FA09FA09FA09 /* CourtsideHoopStatsTests */,
			);
			name = CourtsideHoopStatsTests;
			packageProductDependencies = (
			);
			productName = CourtsideHoopStatsTests;
			productReference = FA03FA03FA03FA03FA03FA03 /* CourtsideHoopStatsTests.xctest */;
			productType = "com.apple.product-type.bundle.unit-test";
		};
/* End PBXNativeTarget section */

/* Begin PBXProject section */
		AB01AB01AB01AB01AB01AB01 /* Project object */ = {
			isa = PBXProject;
			attributes = {
				BuildIndependentTargetsInParallel = 1;
				LastSwiftUpdateCheck = 1600;
				LastUpgradeCheck = 2700;
				TargetAttributes = {
					AB02AB02AB02AB02AB02AB02 = {
						CreatedOnToolsVersion = 16.0;
					};
					EA02EA02EA02EA02EA02EA02 = {
						CreatedOnToolsVersion = 16.0;
						TestTargetID = AB02AB02AB02AB02AB02AB02;
					};
					FA02FA02FA02FA02FA02FA02 = {
						CreatedOnToolsVersion = 16.0;
						TestTargetID = AB02AB02AB02AB02AB02AB02;
					};
				};
			};
			buildConfigurationList = AB0AAB0AAB0AAB0AAB0AAB0A /* Build configuration list for PBXProject "CourtsideHoopStats" */;
			compatibilityVersion = "Xcode 14.0";
			developmentRegion = en;
			hasScannedForEncodings = 0;
			knownRegions = (
				en,
				Base,
			);
			mainGroup = AB07AB07AB07AB07AB07AB07;
			minimizedProjectReferenceProxies = 1;
			productRefGroup = AB08AB08AB08AB08AB08AB08 /* Products */;
			projectDirPath = "";
			projectRoot = "";
			targets = (
				AB02AB02AB02AB02AB02AB02 /* CourtsideHoopStats */,
				FA02FA02FA02FA02FA02FA02 /* CourtsideHoopStatsTests */,
				EA02EA02EA02EA02EA02EA02 /* CourtsideHoopStatsUITests */,
			);
		};
/* End PBXProject section */

/* Begin PBXResourcesBuildPhase section */
		AB06AB06AB06AB06AB06AB06 /* Resources */ = {
			isa = PBXResourcesBuildPhase;
			buildActionMask = 2147483647;
			files = (
			);
			runOnlyForDeploymentPostprocessing = 0;
		};
		EA06EA06EA06EA06EA06EA06 /* Resources */ = {
			isa = PBXResourcesBuildPhase;
			buildActionMask = 2147483647;
			files = (
			);
			runOnlyForDeploymentPostprocessing = 0;
		};
		FA06FA06FA06FA06FA06FA06 /* Resources */ = {
			isa = PBXResourcesBuildPhase;
			buildActionMask = 2147483647;
			files = (
			);
			runOnlyForDeploymentPostprocessing = 0;
		};
/* End PBXResourcesBuildPhase section */

/* Begin PBXSourcesBuildPhase section */
		AB04AB04AB04AB04AB04AB04 /* Sources */ = {
			isa = PBXSourcesBuildPhase;
			buildActionMask = 2147483647;
			files = (
			);
			runOnlyForDeploymentPostprocessing = 0;
		};
		EA04EA04EA04EA04EA04EA04 /* Sources */ = {
			isa = PBXSourcesBuildPhase;
			buildActionMask = 2147483647;
			files = (
			);
			runOnlyForDeploymentPostprocessing = 0;
		};
		FA04FA04FA04FA04FA04FA04 /* Sources */ = {
			isa = PBXSourcesBuildPhase;
			buildActionMask = 2147483647;
			files = (
			);
			runOnlyForDeploymentPostprocessing = 0;
		};
/* End PBXSourcesBuildPhase section */

/* Begin PBXTargetDependency section */
		EA10EA10EA10EA10EA10EA10 /* PBXTargetDependency */ = {
			isa = PBXTargetDependency;
			target = AB02AB02AB02AB02AB02AB02 /* CourtsideHoopStats */;
			targetProxy = EA11EA11EA11EA11EA11EA11 /* PBXContainerItemProxy */;
		};
		FA10FA10FA10FA10FA10FA10 /* PBXTargetDependency */ = {
			isa = PBXTargetDependency;
			target = AB02AB02AB02AB02AB02AB02 /* CourtsideHoopStats */;
			targetProxy = FA11FA11FA11FA11FA11FA11 /* PBXContainerItemProxy */;
		};
/* End PBXTargetDependency section */

/* Begin XCBuildConfiguration section */
		AB0CAB0CAB0CAB0CAB0CAB0C /* Debug */ = {
			isa = XCBuildConfiguration;
			buildSettings = {
				ALWAYS_SEARCH_USER_PATHS = NO;
				ASSETCATALOG_COMPILER_GENERATE_SWIFT_ASSET_SYMBOL_EXTENSIONS = YES;
				CLANG_ANALYZER_NONNULL = YES;
				CLANG_ANALYZER_NUMBER_OBJECT_CONVERSION = YES_AGGRESSIVE;
				CLANG_CXX_LANGUAGE_STANDARD = "gnu++20";
				CLANG_ENABLE_MODULES = YES;
				CLANG_ENABLE_OBJC_ARC = YES;
				CLANG_ENABLE_OBJC_WEAK = YES;
				CLANG_WARN_BLOCK_CAPTURE_AUTORELEASING = YES;
				CLANG_WARN_BOOL_CONVERSION = YES;
				CLANG_WARN_COMMA = YES;
				CLANG_WARN_CONSTANT_CONVERSION = YES;
				CLANG_WARN_DEPRECATED_OBJC_IMPLEMENTATIONS = YES;
				CLANG_WARN_DIRECT_OBJC_ISA_USAGE = YES_ERROR;
				CLANG_WARN_DOCUMENTATION_COMMENTS = YES;
				CLANG_WARN_EMPTY_BODY = YES;
				CLANG_WARN_ENUM_CONVERSION = YES;
				CLANG_WARN_INFINITE_RECURSION = YES;
				CLANG_WARN_INT_CONVERSION = YES;
				CLANG_WARN_NON_LITERAL_NULL_CONVERSION = YES;
				CLANG_WARN_OBJC_IMPLICIT_RETAIN_SELF = YES;
				CLANG_WARN_OBJC_LITERAL_CONVERSION = YES;
				CLANG_WARN_OBJC_ROOT_CLASS = YES_ERROR;
				CLANG_WARN_QUOTED_INCLUDE_IN_FRAMEWORK_HEADER = YES;
				CLANG_WARN_RANGE_LOOP_ANALYSIS = YES;
				CLANG_WARN_STRICT_PROTOTYPES = YES;
				CLANG_WARN_SUSPICIOUS_MOVE = YES;
				CLANG_WARN_UNGUARDED_AVAILABILITY = YES_AGGRESSIVE;
				CLANG_WARN_UNREACHABLE_CODE = YES;
				CLANG_WARN__DUPLICATE_METHOD_MATCH = YES;
				COPY_PHASE_STRIP = NO;
				DEBUG_INFORMATION_FORMAT = dwarf;
				DEVELOPMENT_TEAM = GYW462KLR5;
				ENABLE_STRICT_OBJC_MSGSEND = YES;
				ENABLE_TESTABILITY = YES;
				ENABLE_USER_SCRIPT_SANDBOXING = YES;
				GCC_C_LANGUAGE_STANDARD = gnu17;
				GCC_DYNAMIC_NO_PIC = NO;
				GCC_NO_COMMON_BLOCKS = YES;
				GCC_OPTIMIZATION_LEVEL = 0;
				GCC_PREPROCESSOR_DEFINITIONS = (
					"DEBUG=1",
					"$(inherited)",
				);
				GCC_WARN_64_TO_32_BIT_CONVERSION = YES;
				GCC_WARN_ABOUT_RETURN_TYPE = YES_ERROR;
				GCC_WARN_UNDECLARED_SELECTOR = YES;
				GCC_WARN_UNINITIALIZED_AUTOS = YES_AGGRESSIVE;
				GCC_WARN_UNUSED_FUNCTION = YES;
				GCC_WARN_UNUSED_VARIABLE = YES;
				IPHONEOS_DEPLOYMENT_TARGET = 26.0;
				LOCALIZATION_PREFERS_STRING_CATALOGS = YES;
				MTL_ENABLE_DEBUG_INFO = INCLUDE_SOURCE;
				MTL_FAST_MATH = YES;
				ONLY_ACTIVE_ARCH = YES;
				SDKROOT = iphoneos;
				STRING_CATALOG_GENERATE_SYMBOLS = YES;
				SWIFT_ACTIVE_COMPILATION_CONDITIONS = "DEBUG $(inherited)";
				SWIFT_OPTIMIZATION_LEVEL = "-Onone";
			};
			name = Debug;
		};
		AB0DAB0DAB0DAB0DAB0DAB0D /* Release */ = {
			isa = XCBuildConfiguration;
			buildSettings = {
				ALWAYS_SEARCH_USER_PATHS = NO;
				ASSETCATALOG_COMPILER_GENERATE_SWIFT_ASSET_SYMBOL_EXTENSIONS = YES;
				CLANG_ANALYZER_NONNULL = YES;
				CLANG_ANALYZER_NUMBER_OBJECT_CONVERSION = YES_AGGRESSIVE;
				CLANG_CXX_LANGUAGE_STANDARD = "gnu++20";
				CLANG_ENABLE_MODULES = YES;
				CLANG_ENABLE_OBJC_ARC = YES;
				CLANG_ENABLE_OBJC_WEAK = YES;
				CLANG_WARN_BLOCK_CAPTURE_AUTORELEASING = YES;
				CLANG_WARN_BOOL_CONVERSION = YES;
				CLANG_WARN_COMMA = YES;
				CLANG_WARN_CONSTANT_CONVERSION = YES;
				CLANG_WARN_DEPRECATED_OBJC_IMPLEMENTATIONS = YES;
				CLANG_WARN_DIRECT_OBJC_ISA_USAGE = YES_ERROR;
				CLANG_WARN_DOCUMENTATION_COMMENTS = YES;
				CLANG_WARN_EMPTY_BODY = YES;
				CLANG_WARN_ENUM_CONVERSION = YES;
				CLANG_WARN_INFINITE_RECURSION = YES;
				CLANG_WARN_INT_CONVERSION = YES;
				CLANG_WARN_NON_LITERAL_NULL_CONVERSION = YES;
				CLANG_WARN_OBJC_IMPLICIT_RETAIN_SELF = YES;
				CLANG_WARN_OBJC_LITERAL_CONVERSION = YES;
				CLANG_WARN_OBJC_ROOT_CLASS = YES_ERROR;
				CLANG_WARN_QUOTED_INCLUDE_IN_FRAMEWORK_HEADER = YES;
				CLANG_WARN_RANGE_LOOP_ANALYSIS = YES;
				CLANG_WARN_STRICT_PROTOTYPES = YES;
				CLANG_WARN_SUSPICIOUS_MOVE = YES;
				CLANG_WARN_UNGUARDED_AVAILABILITY = YES_AGGRESSIVE;
				CLANG_WARN_UNREACHABLE_CODE = YES;
				CLANG_WARN__DUPLICATE_METHOD_MATCH = YES;
				COPY_PHASE_STRIP = NO;
				DEBUG_INFORMATION_FORMAT = "dwarf-with-dsym";
				DEVELOPMENT_TEAM = GYW462KLR5;
				ENABLE_NS_ASSERTIONS = NO;
				ENABLE_STRICT_OBJC_MSGSEND = YES;
				ENABLE_USER_SCRIPT_SANDBOXING = YES;
				GCC_C_LANGUAGE_STANDARD = gnu17;
				GCC_NO_COMMON_BLOCKS = YES;
				GCC_WARN_64_TO_32_BIT_CONVERSION = YES;
				GCC_WARN_ABOUT_RETURN_TYPE = YES_ERROR;
				GCC_WARN_UNDECLARED_SELECTOR = YES;
				GCC_WARN_UNINITIALIZED_AUTOS = YES_AGGRESSIVE;
				GCC_WARN_UNUSED_FUNCTION = YES;
				GCC_WARN_UNUSED_VARIABLE = YES;
				IPHONEOS_DEPLOYMENT_TARGET = 26.0;
				LOCALIZATION_PREFERS_STRING_CATALOGS = YES;
				MTL_ENABLE_DEBUG_INFO = NO;
				MTL_FAST_MATH = YES;
				SDKROOT = iphoneos;
				STRING_CATALOG_GENERATE_SYMBOLS = YES;
				SWIFT_COMPILATION_MODE = wholemodule;
				VALIDATE_PRODUCT = YES;
			};
			name = Release;
		};
		AB0EAB0EAB0EAB0EAB0EAB0E /* Debug */ = {
			isa = XCBuildConfiguration;
			buildSettings = {
				ASSETCATALOG_COMPILER_APPICON_NAME = AppIcon;
				ASSETCATALOG_COMPILER_GLOBAL_ACCENT_COLOR_NAME = AccentColor;
				CODE_SIGN_ENTITLEMENTS = CourtsideHoopStats/CourtsideHoopStats.entitlements;
				CODE_SIGN_STYLE = Automatic;
				CURRENT_PROJECT_VERSION = 19;
				DEVELOPMENT_TEAM = GYW462KLR5;
				ENABLE_PREVIEWS = YES;
				GENERATE_INFOPLIST_FILE = YES;
				INFOPLIST_FILE = CourtsideHoopStats/Info.plist;
				INFOPLIST_KEY_CFBundleDisplayName = Courtside;
				INFOPLIST_KEY_ITSAppUsesNonExemptEncryption = NO;
				INFOPLIST_KEY_UIApplicationSceneManifest_Generation = YES;
				INFOPLIST_KEY_UIApplicationSupportsIndirectInputEvents = YES;
				INFOPLIST_KEY_UILaunchScreen_Generation = YES;
				INFOPLIST_KEY_UISupportedInterfaceOrientations_iPad = "UIInterfaceOrientationPortrait UIInterfaceOrientationPortraitUpsideDown UIInterfaceOrientationLandscapeLeft UIInterfaceOrientationLandscapeRight";
				INFOPLIST_KEY_UISupportedInterfaceOrientations_iPhone = "UIInterfaceOrientationPortrait UIInterfaceOrientationLandscapeLeft UIInterfaceOrientationLandscapeRight";
				LD_RUNPATH_SEARCH_PATHS = (
					"$(inherited)",
					"@executable_path/Frameworks",
				);
				MARKETING_VERSION = 1.3;
				PRODUCT_BUNDLE_IDENTIFIER = com.thomashan.CourtsideHoopStats;
				PRODUCT_NAME = "$(TARGET_NAME)";
				SWIFT_EMIT_LOC_STRINGS = YES;
				SWIFT_VERSION = 5.0;
				TARGETED_DEVICE_FAMILY = 1;
			};
			name = Debug;
		};
		AB0FAB0FAB0FAB0FAB0FAB0F /* Release */ = {
			isa = XCBuildConfiguration;
			buildSettings = {
				ASSETCATALOG_COMPILER_APPICON_NAME = AppIcon;
				ASSETCATALOG_COMPILER_GLOBAL_ACCENT_COLOR_NAME = AccentColor;
				CODE_SIGN_ENTITLEMENTS = CourtsideHoopStats/CourtsideHoopStats.entitlements;
				CODE_SIGN_STYLE = Automatic;
				CURRENT_PROJECT_VERSION = 19;
				DEVELOPMENT_TEAM = GYW462KLR5;
				ENABLE_PREVIEWS = YES;
				GENERATE_INFOPLIST_FILE = YES;
				INFOPLIST_FILE = CourtsideHoopStats/Info.plist;
				INFOPLIST_KEY_CFBundleDisplayName = Courtside;
				INFOPLIST_KEY_ITSAppUsesNonExemptEncryption = NO;
				INFOPLIST_KEY_UIApplicationSceneManifest_Generation = YES;
				INFOPLIST_KEY_UIApplicationSupportsIndirectInputEvents = YES;
				INFOPLIST_KEY_UILaunchScreen_Generation = YES;
				INFOPLIST_KEY_UISupportedInterfaceOrientations_iPad = "UIInterfaceOrientationPortrait UIInterfaceOrientationPortraitUpsideDown UIInterfaceOrientationLandscapeLeft UIInterfaceOrientationLandscapeRight";
				INFOPLIST_KEY_UISupportedInterfaceOrientations_iPhone = "UIInterfaceOrientationPortrait UIInterfaceOrientationLandscapeLeft UIInterfaceOrientationLandscapeRight";
				LD_RUNPATH_SEARCH_PATHS = (
					"$(inherited)",
					"@executable_path/Frameworks",
				);
				MARKETING_VERSION = 1.3;
				PRODUCT_BUNDLE_IDENTIFIER = com.thomashan.CourtsideHoopStats;
				PRODUCT_NAME = "$(TARGET_NAME)";
				SWIFT_EMIT_LOC_STRINGS = YES;
				SWIFT_VERSION = 5.0;
				TARGETED_DEVICE_FAMILY = 1;
			};
			name = Release;
		};
		EA0EEA0EEA0EEA0EEA0EEA0E /* Debug */ = {
			isa = XCBuildConfiguration;
			buildSettings = {
				CODE_SIGN_STYLE = Automatic;
				CURRENT_PROJECT_VERSION = 19;
				DEVELOPMENT_TEAM = GYW462KLR5;
				GENERATE_INFOPLIST_FILE = YES;
				IPHONEOS_DEPLOYMENT_TARGET = 26.0;
				MARKETING_VERSION = 1.3;
				PRODUCT_BUNDLE_IDENTIFIER = com.thomashan.CourtsideHoopStatsUITests;
				PRODUCT_NAME = "$(TARGET_NAME)";
				SWIFT_EMIT_LOC_STRINGS = NO;
				SWIFT_VERSION = 5.0;
				TARGETED_DEVICE_FAMILY = 1;
				TEST_TARGET_NAME = CourtsideHoopStats;
			};
			name = Debug;
		};
		EA0FEA0FEA0FEA0FEA0FEA0F /* Release */ = {
			isa = XCBuildConfiguration;
			buildSettings = {
				CODE_SIGN_STYLE = Automatic;
				CURRENT_PROJECT_VERSION = 19;
				DEVELOPMENT_TEAM = GYW462KLR5;
				GENERATE_INFOPLIST_FILE = YES;
				IPHONEOS_DEPLOYMENT_TARGET = 26.0;
				MARKETING_VERSION = 1.3;
				PRODUCT_BUNDLE_IDENTIFIER = com.thomashan.CourtsideHoopStatsUITests;
				PRODUCT_NAME = "$(TARGET_NAME)";
				SWIFT_EMIT_LOC_STRINGS = NO;
				SWIFT_VERSION = 5.0;
				TARGETED_DEVICE_FAMILY = 1;
				TEST_TARGET_NAME = CourtsideHoopStats;
			};
			name = Release;
		};
		FA0EFA0EFA0EFA0EFA0EFA0E /* Debug */ = {
			isa = XCBuildConfiguration;
			buildSettings = {
				BUNDLE_LOADER = "$(TEST_HOST)";
				CODE_SIGN_STYLE = Automatic;
				CURRENT_PROJECT_VERSION = 19;
				DEVELOPMENT_TEAM = GYW462KLR5;
				GENERATE_INFOPLIST_FILE = YES;
				IPHONEOS_DEPLOYMENT_TARGET = 26.0;
				MARKETING_VERSION = 1.3;
				PRODUCT_BUNDLE_IDENTIFIER = com.thomashan.CourtsideHoopStatsTests;
				PRODUCT_NAME = "$(TARGET_NAME)";
				SWIFT_EMIT_LOC_STRINGS = NO;
				SWIFT_VERSION = 5.0;
				TARGETED_DEVICE_FAMILY = 1;
				TEST_HOST = "$(BUILT_PRODUCTS_DIR)/CourtsideHoopStats.app/$(BUNDLE_EXECUTABLE_FOLDER_PATH)/CourtsideHoopStats";
			};
			name = Debug;
		};
		FA0FFA0FFA0FFA0FFA0FFA0F /* Release */ = {
			isa = XCBuildConfiguration;
			buildSettings = {
				BUNDLE_LOADER = "$(TEST_HOST)";
				CODE_SIGN_STYLE = Automatic;
				CURRENT_PROJECT_VERSION = 19;
				DEVELOPMENT_TEAM = GYW462KLR5;
				GENERATE_INFOPLIST_FILE = YES;
				IPHONEOS_DEPLOYMENT_TARGET = 26.0;
				MARKETING_VERSION = 1.3;
				PRODUCT_BUNDLE_IDENTIFIER = com.thomashan.CourtsideHoopStatsTests;
				PRODUCT_NAME = "$(TARGET_NAME)";
				SWIFT_EMIT_LOC_STRINGS = NO;
				SWIFT_VERSION = 5.0;
				TARGETED_DEVICE_FAMILY = 1;
				TEST_HOST = "$(BUILT_PRODUCTS_DIR)/CourtsideHoopStats.app/$(BUNDLE_EXECUTABLE_FOLDER_PATH)/CourtsideHoopStats";
			};
			name = Release;
		};
/* End XCBuildConfiguration section */

/* Begin XCConfigurationList section */
		AB0AAB0AAB0AAB0AAB0AAB0A /* Build configuration list for PBXProject "CourtsideHoopStats" */ = {
			isa = XCConfigurationList;
			buildConfigurations = (
				AB0CAB0CAB0CAB0CAB0CAB0C /* Debug */,
				AB0DAB0DAB0DAB0DAB0DAB0D /* Release */,
			);
			defaultConfigurationIsVisible = 0;
			defaultConfigurationName = Release;
		};
		AB0BAB0BAB0BAB0BAB0BAB0B /* Build configuration list for PBXNativeTarget "CourtsideHoopStats" */ = {
			isa = XCConfigurationList;
			buildConfigurations = (
				AB0EAB0EAB0EAB0EAB0EAB0E /* Debug */,
				AB0FAB0FAB0FAB0FAB0FAB0F /* Release */,
			);
			defaultConfigurationIsVisible = 0;
			defaultConfigurationName = Release;
		};
		EA0BEA0BEA0BEA0BEA0BEA0B /* Build configuration list for PBXNativeTarget "CourtsideHoopStatsUITests" */ = {
			isa = XCConfigurationList;
			buildConfigurations = (
				EA0EEA0EEA0EEA0EEA0EEA0E /* Debug */,
				EA0FEA0FEA0FEA0FEA0FEA0F /* Release */,
			);
			defaultConfigurationIsVisible = 0;
			defaultConfigurationName = Release;
		};
		FA0BFA0BFA0BFA0BFA0BFA0B /* Build configuration list for PBXNativeTarget "CourtsideHoopStatsTests" */ = {
			isa = XCConfigurationList;
			buildConfigurations = (
				FA0EFA0EFA0EFA0EFA0EFA0E /* Debug */,
				FA0FFA0FFA0FFA0FFA0FFA0F /* Release */,
			);
			defaultConfigurationIsVisible = 0;
			defaultConfigurationName = Release;
		};
/* End XCConfigurationList section */
	};
	rootObject = AB01AB01AB01AB01AB01AB01 /* Project object */;
}
